{
  "name": "bball_slackbot",
  "version": "1.0.0",
  "lockfileVersion": 1,
  "requires": true,
  "dependencies": {
    "boom": {
      "version": "3.2.2",
      "resolved": "https://registry.npmjs.org/boom/-/boom-3.2.2.tgz",
      "integrity": "sha1-DwzF0ErcUAO4x9cfQsynJx/vDng=",
      "requires": {
        "hoek": "4.x.x"
      },
      "dependencies": {
        "hoek": {
          "version": "4.2.1",
          "resolved": "https://registry.npmjs.org/hoek/-/hoek-4.2.1.tgz",
          "integrity": "sha512-QLg82fGkfnJ/4iy1xZ81/9SIJiq1NGFUMGs6ParyjBZr6jW2Ufj/snDqTHixNlHdPNwN2RLVD0Pi3igeK9+JfA=="
        }
      }
    },
    "hoek": {
      "version": "3.0.4",
      "resolved": "https://registry.npmjs.org/hoek/-/hoek-3.0.4.tgz",
      "integrity": "sha1-Jorf9mu2aVxptHiaiLHghHw/MSM="
    },
    "insync": {
      "version": "2.1.1",
      "resolved": "https://registry.npmjs.org/insync/-/insync-2.1.1.tgz",
      "integrity": "sha1-IuJsYRITA8BvUdNaPM9tj8HpFMQ="
    },
    "mlbgames": {
      "version": "1.0.5",
      "resolved": "https://registry.npmjs.org/mlbgames/-/mlbgames-1.0.5.tgz",
      "integrity": "sha1-09/VkIUF/CgUHUjZ1uqSnnB2CYY=",
      "requires": {
        "hoek": "3.x.x",
        "insync": "2.x.x",
        "wreck": "7.x.x"
      }
    },
    "wreck": {
      "version": "7.2.1",
      "resolved": "https://registry.npmjs.org/wreck/-/wreck-7.2.1.tgz",
      "integrity": "sha1-7s0R0NkeozTWa7PsUjFUBdpokVg=",
      "requires": {
        "boom": "3.x.x",
        "hoek": "4.x.x"
      },
      "dependencies": {
        "hoek": {
          "version": "4.2.1",
          "resolved": "https://registry.npmjs.org/hoek/-/hoek-4.2.1.tgz",
          "integrity": "sha512-QLg82fGkfnJ/4iy1xZ81/9SIJiq1NGFUMGs6ParyjBZr6jW2Ufj/snDqTHixNlHdPNwN2RLVD0Pi3igeK9+JfA=="
        }
      }
    }
  }
}
